
Microsoft Visual Studio Solution File, Format Version 12.00
# Visual Studio Version 17
VisualStudioVersion = 17.11.35312.102
MinimumVisualStudioVersion = 10.0.40219.1
Project("{FAE04EC0-301F-11D3-BF4B-00C04F79EFBC}") = "Expense Tracker", "Expense Tracker\Expense Tracker.csproj", "{B95D314F-4187-4D05-B56A-7CFDC29E9C36}"
EndProject
Global
	GlobalSection(SolutionConfigurationPlatforms) = preSolution
		Debug|Any CPU = Debug|Any CPU
		Release|Any CPU = Release|Any CPU
	EndGlobalSection
	GlobalSection(ProjectConfigurationPlatforms) = postSolution
		{B95D314F-4187-4D05-B56A-7CFDC29E9C36}.Debug|Any CPU.ActiveCfg = Debug|Any CPU
		{B95D314F-4187-4D05-B56A-7CFDC29E9C36}.Debug|Any CPU.Build.0 = Debug|Any CPU
		{B95D314F-4187-4D05-B56A-7CFDC29E9C36}.Release|Any CPU.ActiveCfg = Release|Any CPU
		{B95D314F-4187-4D05-B56A-7CFDC29E9C36}.Release|Any CPU.Build.0 = Release|Any CPU
	EndGlobalSection
	GlobalSection(SolutionProperties) = preSolution
		HideSolutionNode = FALSE
	EndGlobalSection
	GlobalSection(ExtensibilityGlobals) = postSolution
		SolutionGuid = {20BFC7B4-8C7A-4D9F-8FBE-7D96C69C37B1}
	EndGlobalSection
EndGlobal
